// !$*UTF8*$!
{
	archiveVersion = 1;
	classes = {
	};
	objectVersion = 50;
	objects = {

/* Begin PBXBuildFile section */
		7A171AC92473029F002F6823 /* Coordinator.swift in Sources */ = {isa = PBXBuildFile; fileRef = 7A171AC82473029F002F6823 /* Coordinator.swift */; };
		7A171ACB247307E4002F6823 /* Storyboarded.swift in Sources */ = {isa = PBXBuildFile; fileRef = 7A171ACA247307E4002F6823 /* Storyboarded.swift */; };
		7A171ACE24730FEA002F6823 /* MainCoordinator.swift in Sources */ = {isa = PBXBuildFile; fileRef = 7A171ACD24730FEA002F6823 /* MainCoordinator.swift */; };
		7A171AD324741469002F6823 /* ProgressDisplayingStackView.swift in Sources */ = {isa = PBXBuildFile; fileRef = 7A171AD224741469002F6823 /* ProgressDisplayingStackView.swift */; };
		7A1AB9DE24683CF300B5E634 /* AditionalFunctions.swift in Sources */ = {isa = PBXBuildFile; fileRef = 7A1AB9DD24683CF300B5E634 /* AditionalFunctions.swift */; };
		7A525EAE2464608D004D987C /* BreedIdAndName.swift in Sources */ = {isa = PBXBuildFile; fileRef = 7A525EAD2464608D004D987C /* BreedIdAndName.swift */; };
		7A525EB02465970B004D987C /* EmojiManager.swift in Sources */ = {isa = PBXBuildFile; fileRef = 7A525EAF2465970B004D987C /* EmojiManager.swift */; };
		7A5AF28C246C2FBB00E689E8 /* Environment.swift in Sources */ = {isa = PBXBuildFile; fileRef = 7A5AF28B246C2FBB00E689E8 /* Environment.swift */; };
		7A5AF28E246C728800E689E8 /* JsonDataParser.swift in Sources */ = {isa = PBXBuildFile; fileRef = 7A5AF28D246C728800E689E8 /* JsonDataParser.swift */; };
		7A5AF290246D629500E689E8 /* IntToValueConvertion.swift in Sources */ = {isa = PBXBuildFile; fileRef = 7A5AF28F246D629500E689E8 /* IntToValueConvertion.swift */; };
		7AB3493D246E9A3A002AAFB7 /* BreedsListSearch.swift in Sources */ = {isa = PBXBuildFile; fileRef = 7AB3493C246E9A3A002AAFB7 /* BreedsListSearch.swift */; };
		7AB3493F246ED796002AAFB7 /* BreedListModel.swift in Sources */ = {isa = PBXBuildFile; fileRef = 7AB3493E246ED796002AAFB7 /* BreedListModel.swift */; };
		7AB34941246ED830002AAFB7 /* BreedDetailsModel.swift in Sources */ = {isa = PBXBuildFile; fileRef = 7AB34940246ED830002AAFB7 /* BreedDetailsModel.swift */; };
		7AC95173245EEAC3008EB7FB /* AppDelegate.swift in Sources */ = {isa = PBXBuildFile; fileRef = 7AC95172245EEAC3008EB7FB /* AppDelegate.swift */; };
		7AC95175245EEAC3008EB7FB /* SceneDelegate.swift in Sources */ = {isa = PBXBuildFile; fileRef = 7AC95174245EEAC3008EB7FB /* SceneDelegate.swift */; };
		7AC9517A245EEAC3008EB7FB /* Main.storyboard in Resources */ = {isa = PBXBuildFile; fileRef = 7AC95178245EEAC3008EB7FB /* Main.storyboard */; };
		7AC9517D245EEAC3008EB7FB /* Cat_Breeds_Directory.xcdatamodeld in Sources */ = {isa = PBXBuildFile; fileRef = 7AC9517B245EEAC3008EB7FB /* Cat_Breeds_Directory.xcdatamodeld */; };
		7AC9517F245EEAC9008EB7FB /* Assets.xcassets in Resources */ = {isa = PBXBuildFile; fileRef = 7AC9517E245EEAC9008EB7FB /* Assets.xcassets */; };
		7AC95182245EEAC9008EB7FB /* LaunchScreen.storyboard in Resources */ = {isa = PBXBuildFile; fileRef = 7AC95180245EEAC9008EB7FB /* LaunchScreen.storyboard */; };
		7AC9518A245EED24008EB7FB /* BreedsListViewController.swift in Sources */ = {isa = PBXBuildFile; fileRef = 7AC95189245EED24008EB7FB /* BreedsListViewController.swift */; };
		7AC9518F245F04F4008EB7FB /* Breed.swift in Sources */ = {isa = PBXBuildFile; fileRef = 7AC9518E245F04F4008EB7FB /* Breed.swift */; };
		7ACF829624619A30006B1A0D /* BreedDetailsViewController.swift in Sources */ = {isa = PBXBuildFile; fileRef = 7ACF829524619A30006B1A0D /* BreedDetailsViewController.swift */; };
		7AD340422464379A00E956D5 /* BreedDetails.swift in Sources */ = {isa = PBXBuildFile; fileRef = 7AD340412464379A00E956D5 /* BreedDetails.swift */; };
/* End PBXBuildFile section */

/* Begin PBXFileReference section */
		7A171AC82473029F002F6823 /* Coordinator.swift */ = {isa = PBXFileReference; lastKnownFileType = sourcecode.swift; path = Coordinator.swift; sourceTree = "<group>"; };
		7A171ACA247307E4002F6823 /* Storyboarded.swift */ = {isa = PBXFileReference; lastKnownFileType = sourcecode.swift; path = Storyboarded.swift; sourceTree = "<group>"; };
		7A171ACD24730FEA002F6823 /* MainCoordinator.swift */ = {isa = PBXFileReference; lastKnownFileType = sourcecode.swift; path = MainCoordinator.swift; sourceTree = "<group>"; };
		7A171AD224741469002F6823 /* ProgressDisplayingStackView.swift */ = {isa = PBXFileReference; lastKnownFileType = sourcecode.swift; path = ProgressDisplayingStackView.swift; sourceTree = "<group>"; };
		7A1AB9DD24683CF300B5E634 /* AditionalFunctions.swift */ = {isa = PBXFileReference; lastKnownFileType = sourcecode.swift; path = AditionalFunctions.swift; sourceTree = "<group>"; };
		7A525EAD2464608D004D987C /* BreedIdAndName.swift */ = {isa = PBXFileReference; lastKnownFileType = sourcecode.swift; path = BreedIdAndName.swift; sourceTree = "<group>"; };
		7A525EAF2465970B004D987C /* EmojiManager.swift */ = {isa = PBXFileReference; lastKnownFileType = sourcecode.swift; path = EmojiManager.swift; sourceTree = "<group>"; };
		7A5AF28B246C2FBB00E689E8 /* Environment.swift */ = {isa = PBXFileReference; lastKnownFileType = sourcecode.swift; path = Environment.swift; sourceTree = "<group>"; };
		7A5AF28D246C728800E689E8 /* JsonDataParser.swift */ = {isa = PBXFileReference; lastKnownFileType = sourcecode.swift; path = JsonDataParser.swift; sourceTree = "<group>"; };
		7A5AF28F246D629500E689E8 /* IntToValueConvertion.swift */ = {isa = PBXFileReference; lastKnownFileType = sourcecode.swift; path = IntToValueConvertion.swift; sourceTree = "<group>"; };
		7AB3493C246E9A3A002AAFB7 /* BreedsListSearch.swift */ = {isa = PBXFileReference; lastKnownFileType = sourcecode.swift; path = BreedsListSearch.swift; sourceTree = "<group>"; };
		7AB3493E246ED796002AAFB7 /* BreedListModel.swift */ = {isa = PBXFileReference; lastKnownFileType = sourcecode.swift; path = BreedListModel.swift; sourceTree = "<group>"; };
		7AB34940246ED830002AAFB7 /* BreedDetailsModel.swift */ = {isa = PBXFileReference; lastKnownFileType = sourcecode.swift; path = BreedDetailsModel.swift; sourceTree = "<group>"; };
		7AC9516F245EEAC3008EB7FB /* 🐱 Breeds.app */ = {isa = PBXFileReference; explicitFileType = wrapper.application; includeInIndex = 0; path = "🐱 Breeds.app"; sourceTree = BUILT_PRODUCTS_DIR; };
		7AC95172245EEAC3008EB7FB /* AppDelegate.swift */ = {isa = PBXFileReference; lastKnownFileType = sourcecode.swift; path = AppDelegate.swift; sourceTree = "<group>"; };
		7AC95174245EEAC3008EB7FB /* SceneDelegate.swift */ = {isa = PBXFileReference; lastKnownFileType = sourcecode.swift; path = SceneDelegate.swift; sourceTree = "<group>"; };
		7AC95179245EEAC3008EB7FB /* Base */ = {isa = PBXFileReference; lastKnownFileType = file.storyboard; name = Base; path = Base.lproj/Main.storyboard; sourceTree = "<group>"; };
		7AC9517C245EEAC3008EB7FB /* Cat_Breeds_Directory.xcdatamodel */ = {isa = PBXFileReference; lastKnownFileType = wrapper.xcdatamodel; path = Cat_Breeds_Directory.xcdatamodel; sourceTree = "<group>"; };
		7AC9517E245EEAC9008EB7FB /* Assets.xcassets */ = {isa = PBXFileReference; lastKnownFileType = folder.assetcatalog; path = Assets.xcassets; sourceTree = "<group>"; };
		7AC95181245EEAC9008EB7FB /* Base */ = {isa = PBXFileReference; lastKnownFileType = file.storyboard; name = Base; path = Base.lproj/LaunchScreen.storyboard; sourceTree = "<group>"; };
		7AC95183245EEAC9008EB7FB /* Info.plist */ = {isa = PBXFileReference; lastKnownFileType = text.plist.xml; path = Info.plist; sourceTree = "<group>"; };
		7AC95189245EED24008EB7FB /* BreedsListViewController.swift */ = {isa = PBXFileReference; lastKnownFileType = sourcecode.swift; path = BreedsListViewController.swift; sourceTree = "<group>"; };
		7AC9518E245F04F4008EB7FB /* Breed.swift */ = {isa = PBXFileReference; lastKnownFileType = sourcecode.swift; path = Breed.swift; sourceTree = "<group>"; };
		7ACF829524619A30006B1A0D /* BreedDetailsViewController.swift */ = {isa = PBXFileReference; lastKnownFileType = sourcecode.swift; path = BreedDetailsViewController.swift; sourceTree = "<group>"; };
		7AD340412464379A00E956D5 /* BreedDetails.swift */ = {isa = PBXFileReference; lastKnownFileType = sourcecode.swift; path = BreedDetails.swift; sourceTree = "<group>"; };
/* End PBXFileReference section */

/* Begin PBXFrameworksBuildPhase section */
		7AC9516C245EEAC3008EB7FB /* Frameworks */ = {
			isa = PBXFrameworksBuildPhase;
			buildActionMask = 2147483647;
			files = (
			);
			runOnlyForDeploymentPostprocessing = 0;
		};
/* End PBXFrameworksBuildPhase section */

/* Begin PBXGroup section */
		7A171ACC24730E70002F6823 /* Coordinator Pattern */ = {
			isa = PBXGroup;
			children = (
				7A171AC82473029F002F6823 /* Coordinator.swift */,
				7A171ACA247307E4002F6823 /* Storyboarded.swift */,
				7A171ACD24730FEA002F6823 /* MainCoordinator.swift */,
			);
			path = "Coordinator Pattern";
			sourceTree = "<group>";
		};
		7A171AD12473FCAB002F6823 /* Structs */ = {
			isa = PBXGroup;
			children = (
				7AC9518E245F04F4008EB7FB /* Breed.swift */,
				7AD340412464379A00E956D5 /* BreedDetails.swift */,
				7A525EAD2464608D004D987C /* BreedIdAndName.swift */,
			);
			path = Structs;
			sourceTree = "<group>";
		};
		7A1AB9DC24683CAE00B5E634 /* DetailsViewController */ = {
			isa = PBXGroup;
			children = (
				7ACF829524619A30006B1A0D /* BreedDetailsViewController.swift */,
				7A1AB9DD24683CF300B5E634 /* AditionalFunctions.swift */,
			);
			path = DetailsViewController;
			sourceTree = "<group>";
		};
		7AB3496F24702EC4002AAFB7 /* BreedsList */ = {
			isa = PBXGroup;
			children = (
				7AC95189245EED24008EB7FB /* BreedsListViewController.swift */,
				7AB3493C246E9A3A002AAFB7 /* BreedsListSearch.swift */,
			);
			path = BreedsList;
			sourceTree = "<group>";
		};
		7AC95166245EEAC3008EB7FB = {
			isa = PBXGroup;
			children = (
				7AC95171245EEAC3008EB7FB /* Cat Breeds Directory */,
				7AC95170245EEAC3008EB7FB /* Products */,
			);
			sourceTree = "<group>";
		};
		7AC95170245EEAC3008EB7FB /* Products */ = {
			isa = PBXGroup;
			children = (
				7AC9516F245EEAC3008EB7FB /* 🐱 Breeds.app */,
			);
			name = Products;
			sourceTree = "<group>";
		};
		7AC95171245EEAC3008EB7FB /* Cat Breeds Directory */ = {
			isa = PBXGroup;
			children = (
				7A171ACC24730E70002F6823 /* Coordinator Pattern */,
				7AC9518D245F04C4008EB7FB /* Model */,
				7ACF8294246199E4006B1A0D /* View Controllers */,
				7AC95178245EEAC3008EB7FB /* Main.storyboard */,
				7AC9517E245EEAC9008EB7FB /* Assets.xcassets */,
				7AC95174245EEAC3008EB7FB /* SceneDelegate.swift */,
				7AC95172245EEAC3008EB7FB /* AppDelegate.swift */,
				7AC95180245EEAC9008EB7FB /* LaunchScreen.storyboard */,
				7AC95183245EEAC9008EB7FB /* Info.plist */,
				7AC9517B245EEAC3008EB7FB /* Cat_Breeds_Directory.xcdatamodeld */,
			);
			path = "Cat Breeds Directory";
			sourceTree = "<group>";
		};
		7AC9518D245F04C4008EB7FB /* Model */ = {
			isa = PBXGroup;
			children = (
				7A171AD12473FCAB002F6823 /* Structs */,
				7A5AF28B246C2FBB00E689E8 /* Environment.swift */,
				7A5AF28F246D629500E689E8 /* IntToValueConvertion.swift */,
				7A5AF28D246C728800E689E8 /* JsonDataParser.swift */,
				7A525EAF2465970B004D987C /* EmojiManager.swift */,
				7AB3493E246ED796002AAFB7 /* BreedListModel.swift */,
				7AB34940246ED830002AAFB7 /* BreedDetailsModel.swift */,
				7A171AD224741469002F6823 /* ProgressDisplayingStackView.swift */,
			);
			path = Model;
			sourceTree = "<group>";
		};
		7ACF8294246199E4006B1A0D /* View Controllers */ = {
			isa = PBXGroup;
			children = (
				7AB3496F24702EC4002AAFB7 /* BreedsList */,
				7A1AB9DC24683CAE00B5E634 /* DetailsViewController */,
			);
			path = "View Controllers";
			sourceTree = "<group>";
		};
/* End PBXGroup section */

/* Begin PBXNativeTarget section */
		7AC9516E245EEAC3008EB7FB /* Cat Breeds Directory */ = {
			isa = PBXNativeTarget;
			buildConfigurationList = 7AC95186245EEAC9008EB7FB /* Build configuration list for PBXNativeTarget "Cat Breeds Directory" */;
			buildPhases = (
				7AC9516B245EEAC3008EB7FB /* Sources */,
				7AC9516C245EEAC3008EB7FB /* Frameworks */,
				7AC9516D245EEAC3008EB7FB /* Resources */,
			);
			buildRules = (
			);
			dependencies = (
			);
			name = "Cat Breeds Directory";
			productName = "Cat Breeds Directory";
			productReference = 7AC9516F245EEAC3008EB7FB /* 🐱 Breeds.app */;
			productType = "com.apple.product-type.application";
		};
/* End PBXNativeTarget section */

/* Begin PBXProject section */
		7AC95167245EEAC3008EB7FB /* Project object */ = {
			isa = PBXProject;
			attributes = {
				LastSwiftUpdateCheck = 1140;
				LastUpgradeCheck = 1140;
				ORGANIZATIONNAME = "Oleh Haistruk";
				TargetAttributes = {
					7AC9516E245EEAC3008EB7FB = {
						CreatedOnToolsVersion = 11.4.1;
					};
				};
			};
			buildConfigurationList = 7AC9516A245EEAC3008EB7FB /* Build configuration list for PBXProject "🐱 Breeds" */;
			compatibilityVersion = "Xcode 9.3";
			developmentRegion = en;
			hasScannedForEncodings = 0;
			knownRegions = (
				en,
				Base,
			);
			mainGroup = 7AC95166245EEAC3008EB7FB;
			productRefGroup = 7AC95170245EEAC3008EB7FB /* Products */;
			projectDirPath = "";
			projectRoot = "";
			targets = (
				7AC9516E245EEAC3008EB7FB /* Cat Breeds Directory */,
			);
		};
/* End PBXProject section */

/* Begin PBXResourcesBuildPhase section */
		7AC9516D245EEAC3008EB7FB /* Resources */ = {
			isa = PBXResourcesBuildPhase;
			buildActionMask = 2147483647;
			files = (
				7AC95182245EEAC9008EB7FB /* LaunchScreen.storyboard in Resources */,
				7AC9517F245EEAC9008EB7FB /* Assets.xcassets in Resources */,
				7AC9517A245EEAC3008EB7FB /* Main.storyboard in Resources */,
			);
			runOnlyForDeploymentPostprocessing = 0;
		};
/* End PBXResourcesBuildPhase section */

/* Begin PBXSourcesBuildPhase section */
		7AC9516B245EEAC3008EB7FB /* Sources */ = {
			isa = PBXSourcesBuildPhase;
			buildActionMask = 2147483647;
			files = (
				7AC9518F245F04F4008EB7FB /* Breed.swift in Sources */,
				7AB34941246ED830002AAFB7 /* BreedDetailsModel.swift in Sources */,
				7AB3493D246E9A3A002AAFB7 /* BreedsListSearch.swift in Sources */,
				7A525EAE2464608D004D987C /* BreedIdAndName.swift in Sources */,
				7ACF829624619A30006B1A0D /* BreedDetailsViewController.swift in Sources */,
				7A171ACB247307E4002F6823 /* Storyboarded.swift in Sources */,
				7AC95173245EEAC3008EB7FB /* AppDelegate.swift in Sources */,
				7AC9518A245EED24008EB7FB /* BreedsListViewController.swift in Sources */,
				7A5AF290246D629500E689E8 /* IntToValueConvertion.swift in Sources */,
				7A5AF28C246C2FBB00E689E8 /* Environment.swift in Sources */,
				7A525EB02465970B004D987C /* EmojiManager.swift in Sources */,
				7A171AC92473029F002F6823 /* Coordinator.swift in Sources */,
				7AD340422464379A00E956D5 /* BreedDetails.swift in Sources */,
				7A5AF28E246C728800E689E8 /* JsonDataParser.swift in Sources */,
				7A171ACE24730FEA002F6823 /* MainCoordinator.swift in Sources */,
				7AC95175245EEAC3008EB7FB /* SceneDelegate.swift in Sources */,
				7AC9517D245EEAC3008EB7FB /* Cat_Breeds_Directory.xcdatamodeld in Sources */,
				7AB3493F246ED796002AAFB7 /* BreedListModel.swift in Sources */,
				7A171AD324741469002F6823 /* ProgressDisplayingStackView.swift in Sources */,
				7A1AB9DE24683CF300B5E634 /* AditionalFunctions.swift in Sources */,
			);
			runOnlyForDeploymentPostprocessing = 0;
		};
/* End PBXSourcesBuildPhase section */

/* Begin PBXVariantGroup section */
		7AC95178245EEAC3008EB7FB /* Main.storyboard */ = {
			isa = PBXVariantGroup;
			children = (
				7AC95179245EEAC3008EB7FB /* Base */,
			);
			name = Main.storyboard;
			sourceTree = "<group>";
		};
		7AC95180245EEAC9008EB7FB /* LaunchScreen.storyboard */ = {
			isa = PBXVariantGroup;
			children = (
				7AC95181245EEAC9008EB7FB /* Base */,
			);
			name = LaunchScreen.storyboard;
			sourceTree = "<group>";
		};
/* End PBXVariantGroup section */

/* Begin XCBuildConfiguration section */
		7AC95184245EEAC9008EB7FB /* Debug */ = {
			isa = XCBuildConfiguration;
			buildSettings = {
				ALWAYS_SEARCH_USER_PATHS = NO;
				CLANG_ANALYZER_NONNULL = YES;
				CLANG_ANALYZER_NUMBER_OBJECT_CONVERSION = YES_AGGRESSIVE;
				CLANG_CXX_LANGUAGE_STANDARD = "gnu++14";
				CLANG_CXX_LIBRARY = "libc++";
				CLANG_ENABLE_MODULES = YES;
				CLANG_ENABLE_OBJC_ARC = YES;
				CLANG_ENABLE_OBJC_WEAK = YES;
				CLANG_WARN_BLOCK_CAPTURE_AUTORELEASING = YES;
				CLANG_WARN_BOOL_CONVERSION = YES;
				CLANG_WARN_COMMA = YES;
				CLANG_WARN_CONSTANT_CONVERSION = YES;
				CLANG_WARN_DEPRECATED_OBJC_IMPLEMENTATIONS = YES;
				CLANG_WARN_DIRECT_OBJC_ISA_USAGE = YES_ERROR;
				CLANG_WARN_DOCUMENTATION_COMMENTS = YES;
				CLANG_WARN_EMPTY_BODY = YES;
				CLANG_WARN_ENUM_CONVERSION = YES;
				CLANG_WARN_INFINITE_RECURSION = YES;
				CLANG_WARN_INT_CONVERSION = YES;
				CLANG_WARN_NON_LITERAL_NULL_CONVERSION = YES;
				CLANG_WARN_OBJC_IMPLICIT_RETAIN_SELF = YES;
				CLANG_WARN_OBJC_LITERAL_CONVERSION = YES;
				CLANG_WARN_OBJC_ROOT_CLASS = YES_ERROR;
				CLANG_WARN_RANGE_LOOP_ANALYSIS = YES;
				CLANG_WARN_STRICT_PROTOTYPES = YES;
				CLANG_WARN_SUSPICIOUS_MOVE = YES;
				CLANG_WARN_UNGUARDED_AVAILABILITY = YES_AGGRESSIVE;
				CLANG_WARN_UNREACHABLE_CODE = YES;
				CLANG_WARN__DUPLICATE_METHOD_MATCH = YES;
				COPY_PHASE_STRIP = NO;
				DEBUG_INFORMATION_FORMAT = dwarf;
				ENABLE_STRICT_OBJC_MSGSEND = YES;
				ENABLE_TESTABILITY = YES;
				GCC_C_LANGUAGE_STANDARD = gnu11;
				GCC_DYNAMIC_NO_PIC = NO;
				GCC_NO_COMMON_BLOCKS = YES;
				GCC_OPTIMIZATION_LEVEL = 0;
				GCC_PREPROCESSOR_DEFINITIONS = (
					"DEBUG=1",
					"$(inherited)",
				);
				GCC_WARN_64_TO_32_BIT_CONVERSION = YES;
				GCC_WARN_ABOUT_RETURN_TYPE = YES_ERROR;
				GCC_WARN_UNDECLARED_SELECTOR = YES;
				GCC_WARN_UNINITIALIZED_AUTOS = YES_AGGRESSIVE;
				GCC_WARN_UNUSED_FUNCTION = YES;
				GCC_WARN_UNUSED_VARIABLE = YES;
				IPHONEOS_DEPLOYMENT_TARGET = 13.0;
				MTL_ENABLE_DEBUG_INFO = INCLUDE_SOURCE;
				MTL_FAST_MATH = YES;
				ONLY_ACTIVE_ARCH = YES;
				SDKROOT = iphoneos;
				SWIFT_ACTIVE_COMPILATION_CONDITIONS = DEBUG;
				SWIFT_OPTIMIZATION_LEVEL = "-Onone";
			};
			name = Debug;
		};
		7AC95185245EEAC9008EB7FB /* Release */ = {
			isa = XCBuildConfiguration;
			buildSettings = {
				ALWAYS_SEARCH_USER_PATHS = NO;
				CLANG_ANALYZER_NONNULL = YES;
				CLANG_ANALYZER_NUMBER_OBJECT_CONVERSION = YES_AGGRESSIVE;
				CLANG_CXX_LANGUAGE_STANDARD = "gnu++14";
				CLANG_CXX_LIBRARY = "libc++";
				CLANG_ENABLE_MODULES = YES;
				CLANG_ENABLE_OBJC_ARC = YES;
				CLANG_ENABLE_OBJC_WEAK = YES;
				CLANG_WARN_BLOCK_CAPTURE_AUTORELEASING = YES;
				CLANG_WARN_BOOL_CONVERSION = YES;
				CLANG_WARN_COMMA = YES;
				CLANG_WARN_CONSTANT_CONVERSION = YES;
				CLANG_WARN_DEPRECATED_OBJC_IMPLEMENTATIONS = YES;
				CLANG_WARN_DIRECT_OBJC_ISA_USAGE = YES_ERROR;
				CLANG_WARN_DOCUMENTATION_COMMENTS = YES;
				CLANG_WARN_EMPTY_BODY = YES;
				CLANG_WARN_ENUM_CONVERSION = YES;
				CLANG_WARN_INFINITE_RECURSION = YES;
				CLANG_WARN_INT_CONVERSION = YES;
				CLANG_WARN_NON_LITERAL_NULL_CONVERSION = YES;
				CLANG_WARN_OBJC_IMPLICIT_RETAIN_SELF = YES;
				CLANG_WARN_OBJC_LITERAL_CONVERSION = YES;
				CLANG_WARN_OBJC_ROOT_CLASS = YES_ERROR;
				CLANG_WARN_RANGE_LOOP_ANALYSIS = YES;
				CLANG_WARN_STRICT_PROTOTYPES = YES;
				CLANG_WARN_SUSPICIOUS_MOVE = YES;
				CLANG_WARN_UNGUARDED_AVAILABILITY = YES_AGGRESSIVE;
				CLANG_WARN_UNREACHABLE_CODE = YES;
				CLANG_WARN__DUPLICATE_METHOD_MATCH = YES;
				COPY_PHASE_STRIP = NO;
				DEBUG_INFORMATION_FORMAT = "dwarf-with-dsym";
				ENABLE_NS_ASSERTIONS = NO;
				ENABLE_STRICT_OBJC_MSGSEND = YES;
				GCC_C_LANGUAGE_STANDARD = gnu11;
				GCC_NO_COMMON_BLOCKS = YES;
				GCC_WARN_64_TO_32_BIT_CONVERSION = YES;
				GCC_WARN_ABOUT_RETURN_TYPE = YES_ERROR;
				GCC_WARN_UNDECLARED_SELECTOR = YES;
				GCC_WARN_UNINITIALIZED_AUTOS = YES_AGGRESSIVE;
				GCC_WARN_UNUSED_FUNCTION = YES;
				GCC_WARN_UNUSED_VARIABLE = YES;
				IPHONEOS_DEPLOYMENT_TARGET = 13.0;
				MTL_ENABLE_DEBUG_INFO = NO;
				MTL_FAST_MATH = YES;
				SDKROOT = iphoneos;
				SWIFT_COMPILATION_MODE = wholemodule;
				SWIFT_OPTIMIZATION_LEVEL = "-O";
				VALIDATE_PRODUCT = YES;
			};
			name = Release;
		};
		7AC95187245EEAC9008EB7FB /* Debug */ = {
			isa = XCBuildConfiguration;
			buildSettings = {
				ASSETCATALOG_COMPILER_APPICON_NAME = AppIcon;
				CODE_SIGN_STYLE = Automatic;
				DEVELOPMENT_TEAM = A9J8464N7L;
				INFOPLIST_FILE = "Cat Breeds Directory/Info.plist";
				LD_RUNPATH_SEARCH_PATHS = (
					"$(inherited)",
					"@executable_path/Frameworks",
				);
				PRODUCT_BUNDLE_IDENTIFIER = "OG.Cat-Breeds-Directory";
				PRODUCT_NAME = "🐱 Breeds";
				SWIFT_VERSION = 5.0;
				TARGETED_DEVICE_FAMILY = 1;
			};
			name = Debug;
		};
		7AC95188245EEAC9008EB7FB /* Release */ = {
			isa = XCBuildConfiguration;
			buildSettings = {
				ASSETCATALOG_COMPILER_APPICON_NAME = AppIcon;
				CODE_SIGN_STYLE = Automatic;
				DEVELOPMENT_TEAM = A9J8464N7L;
				INFOPLIST_FILE = "Cat Breeds Directory/Info.plist";
				LD_RUNPATH_SEARCH_PATHS = (
					"$(inherited)",
					"@executable_path/Frameworks",
				);
				PRODUCT_BUNDLE_IDENTIFIER = "OG.Cat-Breeds-Directory";
				PRODUCT_NAME = "🐱 Breeds";
				SWIFT_VERSION = 5.0;
				TARGETED_DEVICE_FAMILY = 1;
			};
			name = Release;
		};
/* End XCBuildConfiguration section */

/* Begin XCConfigurationList section */
		7AC9516A245EEAC3008EB7FB /* Build configuration list for PBXProject "🐱 Breeds" */ = {
			isa = XCConfigurationList;
			buildConfigurations = (
				7AC95184245EEAC9008EB7FB /* Debug */,
				7AC95185245EEAC9008EB7FB /* Release */,
			);
			defaultConfigurationIsVisible = 0;
			defaultConfigurationName = Release;
		};
		7AC95186245EEAC9008EB7FB /* Build configuration list for PBXNativeTarget "Cat Breeds Directory" */ = {
			isa = XCConfigurationList;
			buildConfigurations = (
				7AC95187245EEAC9008EB7FB /* Debug */,
				7AC95188245EEAC9008EB7FB /* Release */,
			);
			defaultConfigurationIsVisible = 0;
			defaultConfigurationName = Release;
		};
/* End XCConfigurationList section */

/* Begin XCVersionGroup section */
		7AC9517B245EEAC3008EB7FB /* Cat_Breeds_Directory.xcdatamodeld */ = {
			isa = XCVersionGroup;
			children = (
				7AC9517C245EEAC3008EB7FB /* Cat_Breeds_Directory.xcdatamodel */,
			);
			currentVersion = 7AC9517C245EEAC3008EB7FB /* Cat_Breeds_Directory.xcdatamodel */;
			path = Cat_Breeds_Directory.xcdatamodeld;
			sourceTree = "<group>";
			versionGroupType = wrapper.xcdatamodel;
		};
/* End XCVersionGroup section */
	};
	rootObject = 7AC95167245EEAC3008EB7FB /* Project object */;
}
